
Microsoft Visual Studio Solution File, Format Version 12.00
# Visual Studio Version 17
VisualStudioVersion = 17.0.31912.275
MinimumVisualStudioVersion = 10.0.40219.1
Project("{9A19103F-16F7-4668-BE54-9A1E7A4F7556}") = "RandomizerBot", "RandomizerBot\RandomizerBot.csproj", "{D0D451EC-2370-4D9C-8ED8-4742AD0A06BB}"
EndProject
Project("{2150E333-8FDC-42A3-9474-1A3956D46DE8}") = "SolutionItems", "SolutionItems", "{EFF9FB6E-85C5-4E02-BCC2-0897B13E2D30}"
	ProjectSection(SolutionItems) = preProject
		.gitattributes = .gitattributes
		.gitignore = .gitignore
		README.md = README.md
	EndProjectSection
EndProject
Global
	GlobalSection(SolutionConfigurationPlatforms) = preSolution
		Debug|Any CPU = Debug|Any CPU
		Release|Any CPU = Release|Any CPU
	EndGlobalSection
	GlobalSection(ProjectConfigurationPlatforms) = postSolution
		{D0D451EC-2370-4D9C-8ED8-4742AD0A06BB}.Debug|Any CPU.ActiveCfg = Debug|Any CPU
		{D0D451EC-2370-4D9C-8ED8-4742AD0A06BB}.Debug|Any CPU.Build.0 = Debug|Any CPU
		{D0D451EC-2370-4D9C-8ED8-4742AD0A06BB}.Release|Any CPU.ActiveCfg = Release|Any CPU
		{D0D451EC-2370-4D9C-8ED8-4742AD0A06BB}.Release|Any CPU.Build.0 = Release|Any CPU
	EndGlobalSection
	GlobalSection(SolutionProperties) = preSolution
		HideSolutionNode = FALSE
	EndGlobalSection
	GlobalSection(ExtensibilityGlobals) = postSolution
		SolutionGuid = {37BCDF15-7A89-4E67-9E1F-236022A5DCB8}
	EndGlobalSection
EndGlobal
