
Microsoft Visual Studio Solution File, Format Version 12.00
# Visual Studio Version 17
VisualStudioVersion = 17.0.31912.275
MinimumVisualStudioVersion = 10.0.40219.1
Project("{FAE04EC0-301F-11D3-BF4B-00C04F79EFBC}") = "RandomGamePickerBot", "RandomGamePickerBot\RandomGamePickerBot.csproj", "{789AEF9E-1B10-4C05-AE51-1B40FC98DDAE}"
EndProject
Global
	GlobalSection(SolutionConfigurationPlatforms) = preSolution
		Debug|Any CPU = Debug|Any CPU
		Release|Any CPU = Release|Any CPU
	EndGlobalSection
	GlobalSection(ProjectConfigurationPlatforms) = postSolution
		{789AEF9E-1B10-4C05-AE51-1B40FC98DDAE}.Debug|Any CPU.ActiveCfg = Debug|Any CPU
		{789AEF9E-1B10-4C05-AE51-1B40FC98DDAE}.Debug|Any CPU.Build.0 = Debug|Any CPU
		{789AEF9E-1B10-4C05-AE51-1B40FC98DDAE}.Release|Any CPU.ActiveCfg = Release|Any CPU
		{789AEF9E-1B10-4C05-AE51-1B40FC98DDAE}.Release|Any CPU.Build.0 = Release|Any CPU
	EndGlobalSection
	GlobalSection(SolutionProperties) = preSolution
		HideSolutionNode = FALSE
	EndGlobalSection
	GlobalSection(ExtensibilityGlobals) = postSolution
		SolutionGuid = {37BCDF15-7A89-4E67-9E1F-236022A5DCB8}
	EndGlobalSection
EndGlobal
